
Microsoft Visual Studio Solution File, Format Version 12.00
# Visual Studio 15
VisualStudioVersion = 15.0.28010.2041
MinimumVisualStudioVersion = 10.0.40219.1
Project("{FAE04EC0-301F-11D3-BF4B-00C04F79EFBC}") = "ConsoleUI", "ConsoleUI.csproj", "{D3388B9E-F421-4B64-AB96-C856D55B891A}"
EndProject
Project("{FAE04EC0-301F-11D3-BF4B-00C04F79EFBC}") = "DemoLibrary", "DemoLibrary\DemoLibrary.csproj", "{ECD1E109-4F29-49AD-9546-D484A4ECFE4F}"
EndProject
Global
	GlobalSection(SolutionConfigurationPlatforms) = preSolution
		Debug|Any CPU = Debug|Any CPU
		Release|Any CPU = Release|Any CPU
	EndGlobalSection
	GlobalSection(ProjectConfigurationPlatforms) = postSolution
		{D3388B9E-F421-4B64-AB96-C856D55B891A}.Debug|Any CPU.ActiveCfg = Debug|Any CPU
		{D3388B9E-F421-4B64-AB96-C856D55B891A}.Debug|Any CPU.Build.0 = Debug|Any CPU
		{D3388B9E-F421-4B64-AB96-C856D55B891A}.Release|Any CPU.ActiveCfg = Release|Any CPU
		{D3388B9E-F421-4B64-AB96-C856D55B891A}.Release|Any CPU.Build.0 = Release|Any CPU
		{ECD1E109-4F29-49AD-9546-D484A4ECFE4F}.Debug|Any CPU.ActiveCfg = Debug|Any CPU
		{ECD1E109-4F29-49AD-9546-D484A4ECFE4F}.Debug|Any CPU.Build.0 = Debug|Any CPU
		{ECD1E109-4F29-49AD-9546-D484A4ECFE4F}.Release|Any CPU.ActiveCfg = Release|Any CPU
		{ECD1E109-4F29-49AD-9546-D484A4ECFE4F}.Release|Any CPU.Build.0 = Release|Any CPU
	EndGlobalSection
	GlobalSection(SolutionProperties) = preSolution
		HideSolutionNode = FALSE
	EndGlobalSection
	GlobalSection(ExtensibilityGlobals) = postSolution
		SolutionGuid = {91CDC3F2-5AD3-472A-8E87-1FC92EFF9C0C}
	EndGlobalSection
EndGlobal
